
Microsoft Visual Studio Solution File, Format Version 12.00
# Visual Studio Version 17
VisualStudioVersion = 17.0.31903.59
MinimumVisualStudioVersion = 10.0.40219.1
Project("{2150E333-8FDC-42A3-9474-1A3956D46DE8}") = "src", "src", "{995A4FB0-306C-43E8-908B-45D86E727618}"
EndProject
Project("{2150E333-8FDC-42A3-9474-1A3956D46DE8}") = "Services", "Services", "{033A5E31-BE58-48E2-9649-E91355387EC6}"
EndProject
Project("{2150E333-8FDC-42A3-9474-1A3956D46DE8}") = "Customer", "Customer", "{B4319EA4-C4F3-4B15-848F-046B264EB8AD}"
EndProject
Project("{FAE04EC0-301F-11D3-BF4B-00C04F79EFBC}") = "Customer.Api", "src\Services\Customer\Customer.Api\Customer.Api.csproj", "{04490F86-4267-4DC0-A553-46AC098F0552}"
EndProject
Project("{FAE04EC0-301F-11D3-BF4B-00C04F79EFBC}") = "Customer.Application", "src\Services\Customer\Customer.Application\Customer.Application.csproj", "{C501DF47-265A-4521-ACD3-A1CABF03CE36}"
EndProject
Project("{FAE04EC0-301F-11D3-BF4B-00C04F79EFBC}") = "Customer.Domain", "src\Services\Customer\Customer.Domain\Customer.Domain.csproj", "{A671785F-81D3-450B-8756-000F709B7E95}"
EndProject
Project("{FAE04EC0-301F-11D3-BF4B-00C04F79EFBC}") = "Customer.Infrastructure", "src\Services\Customer\Customer.Infrastructure\Customer.Infrastructure.csproj", "{3F3FC636-348B-43A8-84E0-9353F378E6C8}"
EndProject
Project("{2150E333-8FDC-42A3-9474-1A3956D46DE8}") = "Order", "Order", "{FA84FF88-9489-4971-89BE-C5233F769432}"
EndProject
Project("{FAE04EC0-301F-11D3-BF4B-00C04F79EFBC}") = "Order.Api", "src\Services\Order\Order.Api\Order.Api.csproj", "{F9577F2B-F15D-4117-BC24-27C96269D88E}"
EndProject
Project("{FAE04EC0-301F-11D3-BF4B-00C04F79EFBC}") = "Order.Application", "src\Services\Order\Order.Application\Order.Application.csproj", "{8AE3DED9-B277-4AFF-BB12-D2C8DA58B6F2}"
EndProject
Project("{FAE04EC0-301F-11D3-BF4B-00C04F79EFBC}") = "Order.Domain", "src\Services\Order\Order.Domain\Order.Domain.csproj", "{90139484-E9F9-411F-9DD9-BA3AFB55D7EC}"
EndProject
Project("{FAE04EC0-301F-11D3-BF4B-00C04F79EFBC}") = "Order.Infrastructure", "src\Services\Order\Order.Infrastructure\Order.Infrastructure.csproj", "{00953AEF-A5A2-49DA-8BC1-3DA49CEF8A58}"
EndProject
Project("{2150E333-8FDC-42A3-9474-1A3956D46DE8}") = "Payment", "Payment", "{9879A93D-7BA7-46AE-A966-3D3E335F5383}"
EndProject
Project("{FAE04EC0-301F-11D3-BF4B-00C04F79EFBC}") = "Payment.Api", "src\Services\Payment\Payment.Api\Payment.Api.csproj", "{F492CB23-17CE-40A5-AC67-8E81A3875E03}"
EndProject
Project("{FAE04EC0-301F-11D3-BF4B-00C04F79EFBC}") = "Payment.Application", "src\Services\Payment\Payment.Application\Payment.Application.csproj", "{FD2980F3-7608-4ACA-8AF9-D2E1F66CB143}"
EndProject
Project("{FAE04EC0-301F-11D3-BF4B-00C04F79EFBC}") = "Payment.Domain", "src\Services\Payment\Payment.Domain\Payment.Domain.csproj", "{8893DA9D-6E4B-44F3-A850-25EBFC7A3F1E}"
EndProject
Project("{FAE04EC0-301F-11D3-BF4B-00C04F79EFBC}") = "Payment.Infrastructure", "src\Services\Payment\Payment.Infrastructure\Payment.Infrastructure.csproj", "{FE3C3F77-F8C8-4182-8BAB-29D0C4A0C338}"
EndProject
Project("{2150E333-8FDC-42A3-9474-1A3956D46DE8}") = "Product", "Product", "{91E130E0-1997-4242-8B71-5DE8C43A63D5}"
EndProject
Project("{FAE04EC0-301F-11D3-BF4B-00C04F79EFBC}") = "Product.Api", "src\Services\Product\Product.Api\Product.Api.csproj", "{C9F841F6-FE4D-448E-A735-A08F62A56CC3}"
EndProject
Project("{FAE04EC0-301F-11D3-BF4B-00C04F79EFBC}") = "Product.Application", "src\Services\Product\Product.Application\Product.Application.csproj", "{7B381008-92A3-41CE-A637-6141DB68A84A}"
EndProject
Project("{FAE04EC0-301F-11D3-BF4B-00C04F79EFBC}") = "Product.Domain", "src\Services\Product\Product.Domain\Product.Domain.csproj", "{34CDD49B-EF69-461A-8411-F49BBB7B1C32}"
EndProject
Project("{FAE04EC0-301F-11D3-BF4B-00C04F79EFBC}") = "Product.Infrastructure", "src\Services\Product\Product.Infrastructure\Product.Infrastructure.csproj", "{4FEF74E5-3700-401D-A0A6-256966F9B116}"
EndProject
Project("{2150E333-8FDC-42A3-9474-1A3956D46DE8}") = "ApiGateway", "ApiGateway", "{6E4FF34B-ACA8-4BD6-947E-52E18F4899E9}"
EndProject
Project("{FAE04EC0-301F-11D3-BF4B-00C04F79EFBC}") = "OcelotApiGW", "src\OcelotApiGW\OcelotApiGW.csproj", "{C7F79213-29E2-45B3-BD54-AEA2B2BEE632}"
EndProject
Project("{FAE04EC0-301F-11D3-BF4B-00C04F79EFBC}") = "Common.Repository", "src\Common\Common.Repository.csproj", "{ABEFD1B1-52AD-49BF-B5B5-7C2FFDDF5516}"
EndProject
Global
	GlobalSection(SolutionConfigurationPlatforms) = preSolution
		Debug|Any CPU = Debug|Any CPU
		Release|Any CPU = Release|Any CPU
	EndGlobalSection
	GlobalSection(SolutionProperties) = preSolution
		HideSolutionNode = FALSE
	EndGlobalSection
	GlobalSection(ProjectConfigurationPlatforms) = postSolution
		{04490F86-4267-4DC0-A553-46AC098F0552}.Debug|Any CPU.ActiveCfg = Debug|Any CPU
		{04490F86-4267-4DC0-A553-46AC098F0552}.Debug|Any CPU.Build.0 = Debug|Any CPU
		{04490F86-4267-4DC0-A553-46AC098F0552}.Release|Any CPU.ActiveCfg = Release|Any CPU
		{04490F86-4267-4DC0-A553-46AC098F0552}.Release|Any CPU.Build.0 = Release|Any CPU
		{C501DF47-265A-4521-ACD3-A1CABF03CE36}.Debug|Any CPU.ActiveCfg = Debug|Any CPU
		{C501DF47-265A-4521-ACD3-A1CABF03CE36}.Debug|Any CPU.Build.0 = Debug|Any CPU
		{C501DF47-265A-4521-ACD3-A1CABF03CE36}.Release|Any CPU.ActiveCfg = Release|Any CPU
		{C501DF47-265A-4521-ACD3-A1CABF03CE36}.Release|Any CPU.Build.0 = Release|Any CPU
		{A671785F-81D3-450B-8756-000F709B7E95}.Debug|Any CPU.ActiveCfg = Debug|Any CPU
		{A671785F-81D3-450B-8756-000F709B7E95}.Debug|Any CPU.Build.0 = Debug|Any CPU
		{A671785F-81D3-450B-8756-000F709B7E95}.Release|Any CPU.ActiveCfg = Release|Any CPU
		{A671785F-81D3-450B-8756-000F709B7E95}.Release|Any CPU.Build.0 = Release|Any CPU
		{3F3FC636-348B-43A8-84E0-9353F378E6C8}.Debug|Any CPU.ActiveCfg = Debug|Any CPU
		{3F3FC636-348B-43A8-84E0-9353F378E6C8}.Debug|Any CPU.Build.0 = Debug|Any CPU
		{3F3FC636-348B-43A8-84E0-9353F378E6C8}.Release|Any CPU.ActiveCfg = Release|Any CPU
		{3F3FC636-348B-43A8-84E0-9353F378E6C8}.Release|Any CPU.Build.0 = Release|Any CPU
		{F9577F2B-F15D-4117-BC24-27C96269D88E}.Debug|Any CPU.ActiveCfg = Debug|Any CPU
		{F9577F2B-F15D-4117-BC24-27C96269D88E}.Debug|Any CPU.Build.0 = Debug|Any CPU
		{F9577F2B-F15D-4117-BC24-27C96269D88E}.Release|Any CPU.ActiveCfg = Release|Any CPU
		{F9577F2B-F15D-4117-BC24-27C96269D88E}.Release|Any CPU.Build.0 = Release|Any CPU
		{8AE3DED9-B277-4AFF-BB12-D2C8DA58B6F2}.Debug|Any CPU.ActiveCfg = Debug|Any CPU
		{8AE3DED9-B277-4AFF-BB12-D2C8DA58B6F2}.Debug|Any CPU.Build.0 = Debug|Any CPU
		{8AE3DED9-B277-4AFF-BB12-D2C8DA58B6F2}.Release|Any CPU.ActiveCfg = Release|Any CPU
		{8AE3DED9-B277-4AFF-BB12-D2C8DA58B6F2}.Release|Any CPU.Build.0 = Release|Any CPU
		{90139484-E9F9-411F-9DD9-BA3AFB55D7EC}.Debug|Any CPU.ActiveCfg = Debug|Any CPU
		{90139484-E9F9-411F-9DD9-BA3AFB55D7EC}.Debug|Any CPU.Build.0 = Debug|Any CPU
		{90139484-E9F9-411F-9DD9-BA3AFB55D7EC}.Release|Any CPU.ActiveCfg = Release|Any CPU
		{90139484-E9F9-411F-9DD9-BA3AFB55D7EC}.Release|Any CPU.Build.0 = Release|Any CPU
		{00953AEF-A5A2-49DA-8BC1-3DA49CEF8A58}.Debug|Any CPU.ActiveCfg = Debug|Any CPU
		{00953AEF-A5A2-49DA-8BC1-3DA49CEF8A58}.Debug|Any CPU.Build.0 = Debug|Any CPU
		{00953AEF-A5A2-49DA-8BC1-3DA49CEF8A58}.Release|Any CPU.ActiveCfg = Release|Any CPU
		{00953AEF-A5A2-49DA-8BC1-3DA49CEF8A58}.Release|Any CPU.Build.0 = Release|Any CPU
		{F492CB23-17CE-40A5-AC67-8E81A3875E03}.Debug|Any CPU.ActiveCfg = Debug|Any CPU
		{F492CB23-17CE-40A5-AC67-8E81A3875E03}.Debug|Any CPU.Build.0 = Debug|Any CPU
		{F492CB23-17CE-40A5-AC67-8E81A3875E03}.Release|Any CPU.ActiveCfg = Release|Any CPU
		{F492CB23-17CE-40A5-AC67-8E81A3875E03}.Release|Any CPU.Build.0 = Release|Any CPU
		{FD2980F3-7608-4ACA-8AF9-D2E1F66CB143}.Debug|Any CPU.ActiveCfg = Debug|Any CPU
		{FD2980F3-7608-4ACA-8AF9-D2E1F66CB143}.Debug|Any CPU.Build.0 = Debug|Any CPU
		{FD2980F3-7608-4ACA-8AF9-D2E1F66CB143}.Release|Any CPU.ActiveCfg = Release|Any CPU
		{FD2980F3-7608-4ACA-8AF9-D2E1F66CB143}.Release|Any CPU.Build.0 = Release|Any CPU
		{8893DA9D-6E4B-44F3-A850-25EBFC7A3F1E}.Debug|Any CPU.ActiveCfg = Debug|Any CPU
		{8893DA9D-6E4B-44F3-A850-25EBFC7A3F1E}.Debug|Any CPU.Build.0 = Debug|Any CPU
		{8893DA9D-6E4B-44F3-A850-25EBFC7A3F1E}.Release|Any CPU.ActiveCfg = Release|Any CPU
		{8893DA9D-6E4B-44F3-A850-25EBFC7A3F1E}.Release|Any CPU.Build.0 = Release|Any CPU
		{FE3C3F77-F8C8-4182-8BAB-29D0C4A0C338}.Debug|Any CPU.ActiveCfg = Debug|Any CPU
		{FE3C3F77-F8C8-4182-8BAB-29D0C4A0C338}.Debug|Any CPU.Build.0 = Debug|Any CPU
		{FE3C3F77-F8C8-4182-8BAB-29D0C4A0C338}.Release|Any CPU.ActiveCfg = Release|Any CPU
		{FE3C3F77-F8C8-4182-8BAB-29D0C4A0C338}.Release|Any CPU.Build.0 = Release|Any CPU
		{C9F841F6-FE4D-448E-A735-A08F62A56CC3}.Debug|Any CPU.ActiveCfg = Debug|Any CPU
		{C9F841F6-FE4D-448E-A735-A08F62A56CC3}.Debug|Any CPU.Build.0 = Debug|Any CPU
		{C9F841F6-FE4D-448E-A735-A08F62A56CC3}.Release|Any CPU.ActiveCfg = Release|Any CPU
		{C9F841F6-FE4D-448E-A735-A08F62A56CC3}.Release|Any CPU.Build.0 = Release|Any CPU
		{7B381008-92A3-41CE-A637-6141DB68A84A}.Debug|Any CPU.ActiveCfg = Debug|Any CPU
		{7B381008-92A3-41CE-A637-6141DB68A84A}.Debug|Any CPU.Build.0 = Debug|Any CPU
		{7B381008-92A3-41CE-A637-6141DB68A84A}.Release|Any CPU.ActiveCfg = Release|Any CPU
		{7B381008-92A3-41CE-A637-6141DB68A84A}.Release|Any CPU.Build.0 = Release|Any CPU
		{34CDD49B-EF69-461A-8411-F49BBB7B1C32}.Debug|Any CPU.ActiveCfg = Debug|Any CPU
		{34CDD49B-EF69-461A-8411-F49BBB7B1C32}.Debug|Any CPU.Build.0 = Debug|Any CPU
		{34CDD49B-EF69-461A-8411-F49BBB7B1C32}.Release|Any CPU.ActiveCfg = Release|Any CPU
		{34CDD49B-EF69-461A-8411-F49BBB7B1C32}.Release|Any CPU.Build.0 = Release|Any CPU
		{4FEF74E5-3700-401D-A0A6-256966F9B116}.Debug|Any CPU.ActiveCfg = Debug|Any CPU
		{4FEF74E5-3700-401D-A0A6-256966F9B116}.Debug|Any CPU.Build.0 = Debug|Any CPU
		{4FEF74E5-3700-401D-A0A6-256966F9B116}.Release|Any CPU.ActiveCfg = Release|Any CPU
		{4FEF74E5-3700-401D-A0A6-256966F9B116}.Release|Any CPU.Build.0 = Release|Any CPU
		{C7F79213-29E2-45B3-BD54-AEA2B2BEE632}.Debug|Any CPU.ActiveCfg = Debug|Any CPU
		{C7F79213-29E2-45B3-BD54-AEA2B2BEE632}.Debug|Any CPU.Build.0 = Debug|Any CPU
		{C7F79213-29E2-45B3-BD54-AEA2B2BEE632}.Release|Any CPU.ActiveCfg = Release|Any CPU
		{C7F79213-29E2-45B3-BD54-AEA2B2BEE632}.Release|Any CPU.Build.0 = Release|Any CPU
		{ABEFD1B1-52AD-49BF-B5B5-7C2FFDDF5516}.Debug|Any CPU.ActiveCfg = Debug|Any CPU
		{ABEFD1B1-52AD-49BF-B5B5-7C2FFDDF5516}.Debug|Any CPU.Build.0 = Debug|Any CPU
		{ABEFD1B1-52AD-49BF-B5B5-7C2FFDDF5516}.Release|Any CPU.ActiveCfg = Release|Any CPU
		{ABEFD1B1-52AD-49BF-B5B5-7C2FFDDF5516}.Release|Any CPU.Build.0 = Release|Any CPU
	EndGlobalSection
	GlobalSection(NestedProjects) = preSolution
		{033A5E31-BE58-48E2-9649-E91355387EC6} = {995A4FB0-306C-43E8-908B-45D86E727618}
		{B4319EA4-C4F3-4B15-848F-046B264EB8AD} = {033A5E31-BE58-48E2-9649-E91355387EC6}
		{04490F86-4267-4DC0-A553-46AC098F0552} = {B4319EA4-C4F3-4B15-848F-046B264EB8AD}
		{C501DF47-265A-4521-ACD3-A1CABF03CE36} = {B4319EA4-C4F3-4B15-848F-046B264EB8AD}
		{A671785F-81D3-450B-8756-000F709B7E95} = {B4319EA4-C4F3-4B15-848F-046B264EB8AD}
		{3F3FC636-348B-43A8-84E0-9353F378E6C8} = {B4319EA4-C4F3-4B15-848F-046B264EB8AD}
		{FA84FF88-9489-4971-89BE-C5233F769432} = {033A5E31-BE58-48E2-9649-E91355387EC6}
		{F9577F2B-F15D-4117-BC24-27C96269D88E} = {FA84FF88-9489-4971-89BE-C5233F769432}
		{8AE3DED9-B277-4AFF-BB12-D2C8DA58B6F2} = {FA84FF88-9489-4971-89BE-C5233F769432}
		{90139484-E9F9-411F-9DD9-BA3AFB55D7EC} = {FA84FF88-9489-4971-89BE-C5233F769432}
		{00953AEF-A5A2-49DA-8BC1-3DA49CEF8A58} = {FA84FF88-9489-4971-89BE-C5233F769432}
		{9879A93D-7BA7-46AE-A966-3D3E335F5383} = {033A5E31-BE58-48E2-9649-E91355387EC6}
		{F492CB23-17CE-40A5-AC67-8E81A3875E03} = {9879A93D-7BA7-46AE-A966-3D3E335F5383}
		{FD2980F3-7608-4ACA-8AF9-D2E1F66CB143} = {9879A93D-7BA7-46AE-A966-3D3E335F5383}
		{8893DA9D-6E4B-44F3-A850-25EBFC7A3F1E} = {9879A93D-7BA7-46AE-A966-3D3E335F5383}
		{FE3C3F77-F8C8-4182-8BAB-29D0C4A0C338} = {9879A93D-7BA7-46AE-A966-3D3E335F5383}
		{91E130E0-1997-4242-8B71-5DE8C43A63D5} = {033A5E31-BE58-48E2-9649-E91355387EC6}
		{C9F841F6-FE4D-448E-A735-A08F62A56CC3} = {91E130E0-1997-4242-8B71-5DE8C43A63D5}
		{7B381008-92A3-41CE-A637-6141DB68A84A} = {91E130E0-1997-4242-8B71-5DE8C43A63D5}
		{34CDD49B-EF69-461A-8411-F49BBB7B1C32} = {91E130E0-1997-4242-8B71-5DE8C43A63D5}
		{4FEF74E5-3700-401D-A0A6-256966F9B116} = {91E130E0-1997-4242-8B71-5DE8C43A63D5}
		{6E4FF34B-ACA8-4BD6-947E-52E18F4899E9} = {995A4FB0-306C-43E8-908B-45D86E727618}
		{C7F79213-29E2-45B3-BD54-AEA2B2BEE632} = {6E4FF34B-ACA8-4BD6-947E-52E18F4899E9}
		{ABEFD1B1-52AD-49BF-B5B5-7C2FFDDF5516} = {995A4FB0-306C-43E8-908B-45D86E727618}
	EndGlobalSection
EndGlobal
